
Microsoft Visual Studio Solution File, Format Version 12.00
# Visual Studio 2012
Project("{FAE04EC0-301F-11D3-BF4B-00C04F79EFBC}") = "GestaoAssociados", "GestaoAssociados\GestaoAssociados.csproj", "{5F4D531C-F49E-4B13-BF16-91B25E2D4149}"
EndProject
Project("{FAE04EC0-301F-11D3-BF4B-00C04F79EFBC}") = "Model.GestaoAssociados", "Model.GestaoAssociados\Model.GestaoAssociados.csproj", "{75DB116F-07E9-4F1A-BADA-394538FF2955}"
EndProject
Global
	GlobalSection(SolutionConfigurationPlatforms) = preSolution
		Debug|Any CPU = Debug|Any CPU
		Release|Any CPU = Release|Any CPU
	EndGlobalSection
	GlobalSection(ProjectConfigurationPlatforms) = postSolution
		{5F4D531C-F49E-4B13-BF16-91B25E2D4149}.Debug|Any CPU.ActiveCfg = Debug|Any CPU
		{5F4D531C-F49E-4B13-BF16-91B25E2D4149}.Debug|Any CPU.Build.0 = Debug|Any CPU
		{5F4D531C-F49E-4B13-BF16-91B25E2D4149}.Release|Any CPU.ActiveCfg = Release|Any CPU
		{5F4D531C-F49E-4B13-BF16-91B25E2D4149}.Release|Any CPU.Build.0 = Release|Any CPU
		{75DB116F-07E9-4F1A-BADA-394538FF2955}.Debug|Any CPU.ActiveCfg = Debug|Any CPU
		{75DB116F-07E9-4F1A-BADA-394538FF2955}.Debug|Any CPU.Build.0 = Debug|Any CPU
		{75DB116F-07E9-4F1A-BADA-394538FF2955}.Release|Any CPU.ActiveCfg = Release|Any CPU
		{75DB116F-07E9-4F1A-BADA-394538FF2955}.Release|Any CPU.Build.0 = Release|Any CPU
	EndGlobalSection
EndGlobal
