Microsoft Visual Studio Solution File, Format Version 12.00
# Visual Studio 15
VisualStudioVersion = 15.0.28307.168
MinimumVisualStudioVersion = 10.0.40219.1
Project("{9A19103F-16F7-4668-BE54-9A1E7A4F7556}") = "Model.GestaoAssociados", "Model.GestaoAssociados\Model.GestaoAssociados.csproj", "{75DB116F-07E9-4F1A-BADA-394538FF2955}"
EndProject
Project("{FAE04EC0-301F-11D3-BF4B-00C04F79EFBC}") = "Dal.GestaoAssociados", "Dal.GestaoAssociados\Dal.GestaoAssociados.csproj", "{CAAB2477-1A1D-4ED2-AEE4-3AFCCF2DAC9E}"
EndProject
Project("{FAE04EC0-301F-11D3-BF4B-00C04F79EFBC}") = "UI.GestaoAssociados", "UI.GestaoAssociados\UI.GestaoAssociados.csproj", "{1E9E038C-7023-4A3D-8195-F653133E0223}"
EndProject
Global
	GlobalSection(SolutionConfigurationPlatforms) = preSolution
		Debug|Any CPU = Debug|Any CPU
		Debug|ARM = Debug|ARM
		Debug|ARM64 = Debug|ARM64
		Debug|x64 = Debug|x64
		Debug|x86 = Debug|x86
		Release|Any CPU = Release|Any CPU
		Release|ARM = Release|ARM
		Release|ARM64 = Release|ARM64
		Release|x64 = Release|x64
		Release|x86 = Release|x86
	EndGlobalSection
	GlobalSection(ProjectConfigurationPlatforms) = postSolution
		{75DB116F-07E9-4F1A-BADA-394538FF2955}.Debug|Any CPU.ActiveCfg = Debug|Any CPU
		{75DB116F-07E9-4F1A-BADA-394538FF2955}.Debug|Any CPU.Build.0 = Debug|Any CPU
		{75DB116F-07E9-4F1A-BADA-394538FF2955}.Debug|ARM.ActiveCfg = Debug|Any CPU
		{75DB116F-07E9-4F1A-BADA-394538FF2955}.Debug|ARM.Build.0 = Debug|Any CPU
		{75DB116F-07E9-4F1A-BADA-394538FF2955}.Debug|ARM64.ActiveCfg = Debug|Any CPU
		{75DB116F-07E9-4F1A-BADA-394538FF2955}.Debug|ARM64.Build.0 = Debug|Any CPU
		{75DB116F-07E9-4F1A-BADA-394538FF2955}.Debug|x64.ActiveCfg = Debug|Any CPU
		{75DB116F-07E9-4F1A-BADA-394538FF2955}.Debug|x64.Build.0 = Debug|Any CPU
		{75DB116F-07E9-4F1A-BADA-394538FF2955}.Debug|x86.ActiveCfg = Debug|Any CPU
		{75DB116F-07E9-4F1A-BADA-394538FF2955}.Debug|x86.Build.0 = Debug|Any CPU
		{75DB116F-07E9-4F1A-BADA-394538FF2955}.Release|Any CPU.ActiveCfg = Release|Any CPU
		{75DB116F-07E9-4F1A-BADA-394538FF2955}.Release|Any CPU.Build.0 = Release|Any CPU
		{75DB116F-07E9-4F1A-BADA-394538FF2955}.Release|ARM.ActiveCfg = Release|Any CPU
		{75DB116F-07E9-4F1A-BADA-394538FF2955}.Release|ARM.Build.0 = Release|Any CPU
		{75DB116F-07E9-4F1A-BADA-394538FF2955}.Release|ARM64.ActiveCfg = Release|Any CPU
		{75DB116F-07E9-4F1A-BADA-394538FF2955}.Release|ARM64.Build.0 = Release|Any CPU
		{75DB116F-07E9-4F1A-BADA-394538FF2955}.Release|x64.ActiveCfg = Release|Any CPU
		{75DB116F-07E9-4F1A-BADA-394538FF2955}.Release|x64.Build.0 = Release|Any CPU
		{75DB116F-07E9-4F1A-BADA-394538FF2955}.Release|x86.ActiveCfg = Release|Any CPU
		{75DB116F-07E9-4F1A-BADA-394538FF2955}.Release|x86.Build.0 = Release|Any CPU
		{CAAB2477-1A1D-4ED2-AEE4-3AFCCF2DAC9E}.Debug|Any CPU.ActiveCfg = Debug|Any CPU
		{CAAB2477-1A1D-4ED2-AEE4-3AFCCF2DAC9E}.Debug|Any CPU.Build.0 = Debug|Any CPU
		{CAAB2477-1A1D-4ED2-AEE4-3AFCCF2DAC9E}.Debug|ARM.ActiveCfg = Debug|Any CPU
		{CAAB2477-1A1D-4ED2-AEE4-3AFCCF2DAC9E}.Debug|ARM.Build.0 = Debug|Any CPU
		{CAAB2477-1A1D-4ED2-AEE4-3AFCCF2DAC9E}.Debug|ARM64.ActiveCfg = Debug|Any CPU
		{CAAB2477-1A1D-4ED2-AEE4-3AFCCF2DAC9E}.Debug|ARM64.Build.0 = Debug|Any CPU
		{CAAB2477-1A1D-4ED2-AEE4-3AFCCF2DAC9E}.Debug|x64.ActiveCfg = Debug|Any CPU
		{CAAB2477-1A1D-4ED2-AEE4-3AFCCF2DAC9E}.Debug|x64.Build.0 = Debug|Any CPU
		{CAAB2477-1A1D-4ED2-AEE4-3AFCCF2DAC9E}.Debug|x86.ActiveCfg = Debug|Any CPU
		{CAAB2477-1A1D-4ED2-AEE4-3AFCCF2DAC9E}.Debug|x86.Build.0 = Debug|Any CPU
		{CAAB2477-1A1D-4ED2-AEE4-3AFCCF2DAC9E}.Release|Any CPU.ActiveCfg = Release|Any CPU
		{CAAB2477-1A1D-4ED2-AEE4-3AFCCF2DAC9E}.Release|Any CPU.Build.0 = Release|Any CPU
		{CAAB2477-1A1D-4ED2-AEE4-3AFCCF2DAC9E}.Release|ARM.ActiveCfg = Release|Any CPU
		{CAAB2477-1A1D-4ED2-AEE4-3AFCCF2DAC9E}.Release|ARM.Build.0 = Release|Any CPU
		{CAAB2477-1A1D-4ED2-AEE4-3AFCCF2DAC9E}.Release|ARM64.ActiveCfg = Release|Any CPU
		{CAAB2477-1A1D-4ED2-AEE4-3AFCCF2DAC9E}.Release|ARM64.Build.0 = Release|Any CPU
		{CAAB2477-1A1D-4ED2-AEE4-3AFCCF2DAC9E}.Release|x64.ActiveCfg = Release|Any CPU
		{CAAB2477-1A1D-4ED2-AEE4-3AFCCF2DAC9E}.Release|x64.Build.0 = Release|Any CPU
		{CAAB2477-1A1D-4ED2-AEE4-3AFCCF2DAC9E}.Release|x86.ActiveCfg = Release|Any CPU
		{CAAB2477-1A1D-4ED2-AEE4-3AFCCF2DAC9E}.Release|x86.Build.0 = Release|Any CPU
		{1E9E038C-7023-4A3D-8195-F653133E0223}.Debug|Any CPU.ActiveCfg = Debug|Any CPU
		{1E9E038C-7023-4A3D-8195-F653133E0223}.Debug|Any CPU.Build.0 = Debug|Any CPU
		{1E9E038C-7023-4A3D-8195-F653133E0223}.Debug|ARM.ActiveCfg = Debug|Any CPU
		{1E9E038C-7023-4A3D-8195-F653133E0223}.Debug|ARM.Build.0 = Debug|Any CPU
		{1E9E038C-7023-4A3D-8195-F653133E0223}.Debug|ARM64.ActiveCfg = Debug|Any CPU
		{1E9E038C-7023-4A3D-8195-F653133E0223}.Debug|ARM64.Build.0 = Debug|Any CPU
		{1E9E038C-7023-4A3D-8195-F653133E0223}.Debug|x64.ActiveCfg = Debug|Any CPU
		{1E9E038C-7023-4A3D-8195-F653133E0223}.Debug|x64.Build.0 = Debug|Any CPU
		{1E9E038C-7023-4A3D-8195-F653133E0223}.Debug|x86.ActiveCfg = Debug|Any CPU
		{1E9E038C-7023-4A3D-8195-F653133E0223}.Debug|x86.Build.0 = Debug|Any CPU
		{1E9E038C-7023-4A3D-8195-F653133E0223}.Release|Any CPU.ActiveCfg = Release|Any CPU
		{1E9E038C-7023-4A3D-8195-F653133E0223}.Release|Any CPU.Build.0 = Release|Any CPU
		{1E9E038C-7023-4A3D-8195-F653133E0223}.Release|ARM.ActiveCfg = Release|Any CPU
		{1E9E038C-7023-4A3D-8195-F653133E0223}.Release|ARM.Build.0 = Release|Any CPU
		{1E9E038C-7023-4A3D-8195-F653133E0223}.Release|ARM64.ActiveCfg = Release|Any CPU
		{1E9E038C-7023-4A3D-8195-F653133E0223}.Release|ARM64.Build.0 = Release|Any CPU
		{1E9E038C-7023-4A3D-8195-F653133E0223}.Release|x64.ActiveCfg = Release|Any CPU
		{1E9E038C-7023-4A3D-8195-F653133E0223}.Release|x64.Build.0 = Release|Any CPU
		{1E9E038C-7023-4A3D-8195-F653133E0223}.Release|x86.ActiveCfg = Release|Any CPU
		{1E9E038C-7023-4A3D-8195-F653133E0223}.Release|x86.Build.0 = Release|Any CPU
	EndGlobalSection
	GlobalSection(SolutionProperties) = preSolution
		HideSolutionNode = FALSE
	EndGlobalSection
	GlobalSection(ExtensibilityGlobals) = postSolution
		SolutionGuid = {C1573E46-2EA7-496C-A4AE-1C56C9186271}
	EndGlobalSection
EndGlobal
